{
  "name": "Contact",
  "lockfileVersion": 2,
  "requires": true,
  "packages": {
    "": {
      "name": "Contact",
      "license": "UNLICENSED",
      "dependencies": {
        "idb": "^6.1.2"
      },
      "devDependencies": {}
    },
    "node_modules/idb": {
      "version": "6.1.5",
      "resolved": "https://registry.npmjs.org/idb/-/idb-6.1.5.tgz",
      "integrity": "sha512-IJtugpKkiVXQn5Y+LteyBCNk1N8xpGV3wWZk9EVtZWH8DYkjBn0bX1XnGP9RkyZF0sAcywa6unHqSWKe7q4LGw=="
    }
  },
  "dependencies": {
    "idb": {
      "version": "6.1.5",
      "resolved": "https://registry.npmjs.org/idb/-/idb-6.1.5.tgz",
      "integrity": "sha512-IJtugpKkiVXQn5Y+LteyBCNk1N8xpGV3wWZk9EVtZWH8DYkjBn0bX1XnGP9RkyZF0sAcywa6unHqSWKe7q4LGw=="
    }
  }
}
